
Microsoft Visual Studio Solution File, Format Version 12.00
# Visual Studio Version 17
VisualStudioVersion = 17.4.33213.308
MinimumVisualStudioVersion = 10.0.40219.1
Project("{FAE04EC0-301F-11D3-BF4B-00C04F79EFBC}") = "BookReviewApp", "BookReviewApp\BookReviewApp.csproj", "{4C204531-238D-49C5-A19B-6E88AB770BB2}"
EndProject
Global
	GlobalSection(SolutionConfigurationPlatforms) = preSolution
		Debug|Any CPU = Debug|Any CPU
		Release|Any CPU = Release|Any CPU
	EndGlobalSection
	GlobalSection(ProjectConfigurationPlatforms) = postSolution
		{4C204531-238D-49C5-A19B-6E88AB770BB2}.Debug|Any CPU.ActiveCfg = Debug|Any CPU
		{4C204531-238D-49C5-A19B-6E88AB770BB2}.Debug|Any CPU.Build.0 = Debug|Any CPU
		{4C204531-238D-49C5-A19B-6E88AB770BB2}.Release|Any CPU.ActiveCfg = Release|Any CPU
		{4C204531-238D-49C5-A19B-6E88AB770BB2}.Release|Any CPU.Build.0 = Release|Any CPU
	EndGlobalSection
	GlobalSection(SolutionProperties) = preSolution
		HideSolutionNode = FALSE
	EndGlobalSection
	GlobalSection(ExtensibilityGlobals) = postSolution
		SolutionGuid = {D4AEF11B-9162-468A-85C3-10BB44C7E46F}
	EndGlobalSection
EndGlobal
